
Microsoft Visual Studio Solution File, Format Version 12.00
# Visual Studio Version 16
VisualStudioVersion = 16.0.31313.79
MinimumVisualStudioVersion = 10.0.40219.1
Project("{FAE04EC0-301F-11D3-BF4B-00C04F79EFBC}") = "5var", "5var\5var.csproj", "{15A79066-582F-4D04-9942-1276406BAD17}"
EndProject
Global
	GlobalSection(SolutionConfigurationPlatforms) = preSolution
		Debug|Any CPU = Debug|Any CPU
		Release|Any CPU = Release|Any CPU
	EndGlobalSection
	GlobalSection(ProjectConfigurationPlatforms) = postSolution
		{15A79066-582F-4D04-9942-1276406BAD17}.Debug|Any CPU.ActiveCfg = Debug|Any CPU
		{15A79066-582F-4D04-9942-1276406BAD17}.Debug|Any CPU.Build.0 = Debug|Any CPU
		{15A79066-582F-4D04-9942-1276406BAD17}.Release|Any CPU.ActiveCfg = Release|Any CPU
		{15A79066-582F-4D04-9942-1276406BAD17}.Release|Any CPU.Build.0 = Release|Any CPU
	EndGlobalSection
	GlobalSection(SolutionProperties) = preSolution
		HideSolutionNode = FALSE
	EndGlobalSection
	GlobalSection(ExtensibilityGlobals) = postSolution
		SolutionGuid = {797908A4-705B-4F77-BB23-CE1BA0B8B2A5}
	EndGlobalSection
EndGlobal
